
Microsoft Visual Studio Solution File, Format Version 12.00
# Visual Studio 15
VisualStudioVersion = 15.0.27130.2024
MinimumVisualStudioVersion = 10.0.40219.1
Project("{8BC9CEB8-8B4A-11D0-8D11-00A0C91BC942}") = "UWCppApp", "UWCppApp.vcxproj", "{7C814CDD-FB14-49A9-A268-27D8FE915960}"
EndProject
Project("{8BC9CEB8-8B4A-11D0-8D11-00A0C91BC942}") = "Question2", "..\Question2\Question2.vcxproj", "{13035221-1ECB-4AF2-907B-F72672A32DDF}"
EndProject
Project("{8BC9CEB8-8B4A-11D0-8D11-00A0C91BC942}") = "Question3", "..\Question3\Question3.vcxproj", "{CF99875A-8295-40BA-953B-2AED9E95FFBC}"
EndProject
Project("{8BC9CEB8-8B4A-11D0-8D11-00A0C91BC942}") = "Question4", "..\Question4\Question4.vcxproj", "{6489D0B8-4054-416A-9E17-D5FDFB9D6DC1}"
EndProject
Project("{8BC9CEB8-8B4A-11D0-8D11-00A0C91BC942}") = "Question5", "..\Question5\Question5.vcxproj", "{45522813-603C-470C-BF17-530CEAB727D0}"
EndProject
Global
	GlobalSection(SolutionConfigurationPlatforms) = preSolution
		Debug|x64 = Debug|x64
		Debug|x86 = Debug|x86
		Release|x64 = Release|x64
		Release|x86 = Release|x86
	EndGlobalSection
	GlobalSection(ProjectConfigurationPlatforms) = postSolution
		{7C814CDD-FB14-49A9-A268-27D8FE915960}.Debug|x64.ActiveCfg = Debug|x64
		{7C814CDD-FB14-49A9-A268-27D8FE915960}.Debug|x64.Build.0 = Debug|x64
		{7C814CDD-FB14-49A9-A268-27D8FE915960}.Debug|x86.ActiveCfg = Debug|Win32
		{7C814CDD-FB14-49A9-A268-27D8FE915960}.Debug|x86.Build.0 = Debug|Win32
		{7C814CDD-FB14-49A9-A268-27D8FE915960}.Release|x64.ActiveCfg = Release|x64
		{7C814CDD-FB14-49A9-A268-27D8FE915960}.Release|x64.Build.0 = Release|x64
		{7C814CDD-FB14-49A9-A268-27D8FE915960}.Release|x86.ActiveCfg = Release|Win32
		{7C814CDD-FB14-49A9-A268-27D8FE915960}.Release|x86.Build.0 = Release|Win32
		{13035221-1ECB-4AF2-907B-F72672A32DDF}.Debug|x64.ActiveCfg = Debug|x64
		{13035221-1ECB-4AF2-907B-F72672A32DDF}.Debug|x64.Build.0 = Debug|x64
		{13035221-1ECB-4AF2-907B-F72672A32DDF}.Debug|x86.ActiveCfg = Debug|Win32
		{13035221-1ECB-4AF2-907B-F72672A32DDF}.Debug|x86.Build.0 = Debug|Win32
		{13035221-1ECB-4AF2-907B-F72672A32DDF}.Release|x64.ActiveCfg = Release|x64
		{13035221-1ECB-4AF2-907B-F72672A32DDF}.Release|x64.Build.0 = Release|x64
		{13035221-1ECB-4AF2-907B-F72672A32DDF}.Release|x86.ActiveCfg = Release|Win32
		{13035221-1ECB-4AF2-907B-F72672A32DDF}.Release|x86.Build.0 = Release|Win32
		{CF99875A-8295-40BA-953B-2AED9E95FFBC}.Debug|x64.ActiveCfg = Debug|x64
		{CF99875A-8295-40BA-953B-2AED9E95FFBC}.Debug|x64.Build.0 = Debug|x64
		{CF99875A-8295-40BA-953B-2AED9E95FFBC}.Debug|x86.ActiveCfg = Debug|Win32
		{CF99875A-8295-40BA-953B-2AED9E95FFBC}.Debug|x86.Build.0 = Debug|Win32
		{CF99875A-8295-40BA-953B-2AED9E95FFBC}.Release|x64.ActiveCfg = Release|x64
		{CF99875A-8295-40BA-953B-2AED9E95FFBC}.Release|x64.Build.0 = Release|x64
		{CF99875A-8295-40BA-953B-2AED9E95FFBC}.Release|x86.ActiveCfg = Release|Win32
		{CF99875A-8295-40BA-953B-2AED9E95FFBC}.Release|x86.Build.0 = Release|Win32
		{6489D0B8-4054-416A-9E17-D5FDFB9D6DC1}.Debug|x64.ActiveCfg = Debug|x64
		{6489D0B8-4054-416A-9E17-D5FDFB9D6DC1}.Debug|x64.Build.0 = Debug|x64
		{6489D0B8-4054-416A-9E17-D5FDFB9D6DC1}.Debug|x86.ActiveCfg = Debug|Win32
		{6489D0B8-4054-416A-9E17-D5FDFB9D6DC1}.Debug|x86.Build.0 = Debug|Win32
		{6489D0B8-4054-416A-9E17-D5FDFB9D6DC1}.Release|x64.ActiveCfg = Release|x64
		{6489D0B8-4054-416A-9E17-D5FDFB9D6DC1}.Release|x64.Build.0 = Release|x64
		{6489D0B8-4054-416A-9E17-D5FDFB9D6DC1}.Release|x86.ActiveCfg = Release|Win32
		{6489D0B8-4054-416A-9E17-D5FDFB9D6DC1}.Release|x86.Build.0 = Release|Win32
		{45522813-603C-470C-BF17-530CEAB727D0}.Debug|x64.ActiveCfg = Debug|x64
		{45522813-603C-470C-BF17-530CEAB727D0}.Debug|x64.Build.0 = Debug|x64
		{45522813-603C-470C-BF17-530CEAB727D0}.Debug|x86.ActiveCfg = Debug|Win32
		{45522813-603C-470C-BF17-530CEAB727D0}.Debug|x86.Build.0 = Debug|Win32
		{45522813-603C-470C-BF17-530CEAB727D0}.Release|x64.ActiveCfg = Release|x64
		{45522813-603C-470C-BF17-530CEAB727D0}.Release|x64.Build.0 = Release|x64
		{45522813-603C-470C-BF17-530CEAB727D0}.Release|x86.ActiveCfg = Release|Win32
		{45522813-603C-470C-BF17-530CEAB727D0}.Release|x86.Build.0 = Release|Win32
	EndGlobalSection
	GlobalSection(SolutionProperties) = preSolution
		HideSolutionNode = FALSE
	EndGlobalSection
	GlobalSection(ExtensibilityGlobals) = postSolution
		SolutionGuid = {3408C02D-6266-4FE5-9550-8943C306E2D2}
	EndGlobalSection
EndGlobal
